
Microsoft Visual Studio Solution File, Format Version 12.00
# Visual Studio Version 16
VisualStudioVersion = 16.0.30804.86
MinimumVisualStudioVersion = 10.0.40219.1
Project("{FAE04EC0-301F-11D3-BF4B-00C04F79EFBC}") = "CadastroDoUsuario", "CadastroDoUsuario\CadastroDoUsuario.csproj", "{5C0BB186-7766-4EE9-8027-3CB9A2F8F30C}"
EndProject
Global
	GlobalSection(SolutionConfigurationPlatforms) = preSolution
		Debug|Any CPU = Debug|Any CPU
		Release|Any CPU = Release|Any CPU
	EndGlobalSection
	GlobalSection(ProjectConfigurationPlatforms) = postSolution
		{5C0BB186-7766-4EE9-8027-3CB9A2F8F30C}.Debug|Any CPU.ActiveCfg = Debug|Any CPU
		{5C0BB186-7766-4EE9-8027-3CB9A2F8F30C}.Debug|Any CPU.Build.0 = Debug|Any CPU
		{5C0BB186-7766-4EE9-8027-3CB9A2F8F30C}.Release|Any CPU.ActiveCfg = Release|Any CPU
		{5C0BB186-7766-4EE9-8027-3CB9A2F8F30C}.Release|Any CPU.Build.0 = Release|Any CPU
	EndGlobalSection
	GlobalSection(SolutionProperties) = preSolution
		HideSolutionNode = FALSE
	EndGlobalSection
	GlobalSection(ExtensibilityGlobals) = postSolution
		SolutionGuid = {DCDF45D5-DFD5-4238-934A-F77A95275DB3}
	EndGlobalSection
EndGlobal
